
Microsoft Visual Studio Solution File, Format Version 12.00
# Visual Studio Version 17
VisualStudioVersion = 17.13.35931.197 d17.13
MinimumVisualStudioVersion = 10.0.40219.1
Project("{FAE04EC0-301F-11D3-BF4B-00C04F79EFBC}") = "Condicionales", "Condicionales\Condicionales.csproj", "{4E645BF9-6CB4-4072-962B-6D57AAC04650}"
EndProject
Global
	GlobalSection(SolutionConfigurationPlatforms) = preSolution
		Debug|Any CPU = Debug|Any CPU
		Release|Any CPU = Release|Any CPU
	EndGlobalSection
	GlobalSection(ProjectConfigurationPlatforms) = postSolution
		{4E645BF9-6CB4-4072-962B-6D57AAC04650}.Debug|Any CPU.ActiveCfg = Debug|Any CPU
		{4E645BF9-6CB4-4072-962B-6D57AAC04650}.Debug|Any CPU.Build.0 = Debug|Any CPU
		{4E645BF9-6CB4-4072-962B-6D57AAC04650}.Release|Any CPU.ActiveCfg = Release|Any CPU
		{4E645BF9-6CB4-4072-962B-6D57AAC04650}.Release|Any CPU.Build.0 = Release|Any CPU
	EndGlobalSection
	GlobalSection(SolutionProperties) = preSolution
		HideSolutionNode = FALSE
	EndGlobalSection
	GlobalSection(ExtensibilityGlobals) = postSolution
		SolutionGuid = {FC3FD5B6-8322-497A-A4E7-0CB44BCD3821}
	EndGlobalSection
EndGlobal
